# @generated by Move, please check-in and do not edit manually.

[move]
version = 3
manifest_digest = "8D56071FE54094598B72E85834B6AD718F16ED9EBD9977A5DF33EAD14545C63C"
deps_digest = "CB99E3BEE139471F3765AE330F855F3B376156AA54F37DEDE11BBE5BB0D3BB74"
dependencies = [
  { id = "AccountActions", name = "AccountActions" },
  { id = "AccountExtensions", name = "AccountExtensions" },
  { id = "Bridge", name = "Bridge" },
  { id = "MoveStdlib", name = "MoveStdlib" },
  { id = "Sui", name = "Sui" },
  { id = "SuiSystem", name = "SuiSystem" },
  { id = "futarchy_core", name = "futarchy_core" },
  { id = "futarchy_one_shot_utils", name = "futarchy_one_shot_utils" },
  { id = "futarchy_types", name = "futarchy_types" },
  { id = "futarchy_vault", name = "futarchy_vault" },
]

[[move.package]]
id = "AccountActions"
source = { local = "../move-framework/packages/actions" }

dependencies = [
  { id = "AccountProtocol", name = "AccountProtocol" },
  { id = "Bridge", name = "Bridge" },
  { id = "MoveStdlib", name = "MoveStdlib" },
  { id = "Sui", name = "Sui" },
  { id = "SuiSystem", name = "SuiSystem" },
]

[[move.package]]
id = "AccountExtensions"
source = { local = "../move-framework/packages/extensions" }

dependencies = [
  { id = "Bridge", name = "Bridge" },
  { id = "MoveStdlib", name = "MoveStdlib" },
  { id = "Sui", name = "Sui" },
  { id = "SuiSystem", name = "SuiSystem" },
]

[[move.package]]
id = "AccountProtocol"
source = { local = "../move-framework/packages/protocol" }

dependencies = [
  { id = "AccountExtensions", name = "AccountExtensions" },
  { id = "Bridge", name = "Bridge" },
  { id = "MoveStdlib", name = "MoveStdlib" },
  { id = "Sui", name = "Sui" },
  { id = "SuiSystem", name = "SuiSystem" },
]

[[move.package]]
id = "Bridge"
source = { git = "https://github.com/MystenLabs/sui.git", rev = "2cde80b5766b0bc2073908e10f6e3c81c93fd691", subdir = "crates/sui-framework/packages/bridge" }

dependencies = [
  { id = "MoveStdlib", name = "MoveStdlib" },
  { id = "Sui", name = "Sui" },
  { id = "SuiSystem", name = "SuiSystem" },
]

[[move.package]]
id = "MoveStdlib"
source = { git = "https://github.com/MystenLabs/sui.git", rev = "2cde80b5766b0bc2073908e10f6e3c81c93fd691", subdir = "crates/sui-framework/packages/move-stdlib" }

[[move.package]]
id = "Sui"
source = { git = "https://github.com/MystenLabs/sui.git", rev = "2cde80b5766b0bc2073908e10f6e3c81c93fd691", subdir = "crates/sui-framework/packages/sui-framework" }

dependencies = [
  { id = "MoveStdlib", name = "MoveStdlib" },
]

[[move.package]]
id = "SuiSystem"
source = { git = "https://github.com/MystenLabs/sui.git", rev = "2cde80b5766b0bc2073908e10f6e3c81c93fd691", subdir = "crates/sui-framework/packages/sui-system" }

dependencies = [
  { id = "MoveStdlib", name = "MoveStdlib" },
  { id = "Sui", name = "Sui" },
]

[[move.package]]
id = "futarchy_core"
source = { local = "../futarchy_core" }

dependencies = [
  { id = "AccountExtensions", name = "AccountExtensions" },
  { id = "AccountProtocol", name = "AccountProtocol" },
  { id = "Bridge", name = "Bridge" },
  { id = "MoveStdlib", name = "MoveStdlib" },
  { id = "Sui", name = "Sui" },
  { id = "SuiSystem", name = "SuiSystem" },
  { id = "futarchy_one_shot_utils", name = "futarchy_one_shot_utils" },
  { id = "futarchy_seal_utils", name = "futarchy_seal_utils" },
  { id = "futarchy_types", name = "futarchy_types" },
]

[[move.package]]
id = "futarchy_markets"
source = { local = "../futarchy_markets" }

dependencies = [
  { id = "Bridge", name = "Bridge" },
  { id = "MoveStdlib", name = "MoveStdlib" },
  { id = "Sui", name = "Sui" },
  { id = "SuiSystem", name = "SuiSystem" },
  { id = "futarchy_core", name = "futarchy_core" },
  { id = "futarchy_one_shot_utils", name = "futarchy_one_shot_utils" },
  { id = "futarchy_seal_utils", name = "futarchy_seal_utils" },
  { id = "futarchy_types", name = "futarchy_types" },
]

[[move.package]]
id = "futarchy_one_shot_utils"
source = { local = "../futarchy_one_shot_utils" }

dependencies = [
  { id = "Bridge", name = "Bridge" },
  { id = "MoveStdlib", name = "MoveStdlib" },
  { id = "Sui", name = "Sui" },
  { id = "SuiSystem", name = "SuiSystem" },
]

[[move.package]]
id = "futarchy_seal_utils"
source = { local = "../futarchy_seal_utils" }

dependencies = [
  { id = "Sui", name = "Sui" },
]

[[move.package]]
id = "futarchy_types"
source = { local = "../futarchy_types" }

dependencies = [
  { id = "Sui", name = "Sui" },
]

[[move.package]]
id = "futarchy_vault"
source = { local = "../futarchy_vault" }

dependencies = [
  { id = "AccountActions", name = "AccountActions" },
  { id = "AccountExtensions", name = "AccountExtensions" },
  { id = "Bridge", name = "Bridge" },
  { id = "MoveStdlib", name = "MoveStdlib" },
  { id = "Sui", name = "Sui" },
  { id = "SuiSystem", name = "SuiSystem" },
  { id = "futarchy_core", name = "futarchy_core" },
  { id = "futarchy_markets", name = "futarchy_markets" },
  { id = "futarchy_one_shot_utils", name = "futarchy_one_shot_utils" },
  { id = "futarchy_types", name = "futarchy_types" },
]

[move.toolchain-version]
compiler-version = "1.56.0"
edition = "2024.beta"
flavor = "sui"

[env]

[env.devnet]
chain-id = "bc718b80"
original-published-id = "0xaf50964aa3d534640f7ce32c180955c883a657fb6875d4b41687b280b8d52704"
latest-published-id = "0xaf50964aa3d534640f7ce32c180955c883a657fb6875d4b41687b280b8d52704"
published-version = "1"
