# @generated by Move, please check-in and do not edit manually.

[move]
version = 3
manifest_digest = "2F2034A4DABC55E273E2C8E7D7877EF967B23F73CB47C42AEF9FF940FBF34AD6"
deps_digest = "CAFAD8A7CF51067FB4358215BECB86BD100DD64E57C2AC8A7AE7D74B688F5965"
dependencies = [
  { id = "Bridge", name = "Bridge" },
  { id = "MoveStdlib", name = "MoveStdlib" },
  { id = "Sui", name = "Sui" },
  { id = "SuiSystem", name = "SuiSystem" },
  { id = "futarchy_core", name = "futarchy_core" },
  { id = "futarchy_one_shot_utils", name = "futarchy_one_shot_utils" },
  { id = "futarchy_types", name = "futarchy_types" },
]

[[move.package]]
id = "AccountExtensions"
source = { local = "../move-framework/packages/extensions" }

dependencies = [
  { id = "Bridge", name = "Bridge" },
  { id = "MoveStdlib", name = "MoveStdlib" },
  { id = "Sui", name = "Sui" },
  { id = "SuiSystem", name = "SuiSystem" },
]

[[move.package]]
id = "AccountProtocol"
source = { local = "../move-framework/packages/protocol" }

dependencies = [
  { id = "AccountExtensions", name = "AccountExtensions" },
  { id = "Bridge", name = "Bridge" },
  { id = "MoveStdlib", name = "MoveStdlib" },
  { id = "Sui", name = "Sui" },
  { id = "SuiSystem", name = "SuiSystem" },
]

[[move.package]]
id = "Bridge"
source = { git = "https://github.com/MystenLabs/sui.git", rev = "2cde80b5766b0bc2073908e10f6e3c81c93fd691", subdir = "crates/sui-framework/packages/bridge" }

dependencies = [
  { id = "MoveStdlib", name = "MoveStdlib" },
  { id = "Sui", name = "Sui" },
  { id = "SuiSystem", name = "SuiSystem" },
]

[[move.package]]
id = "MoveStdlib"
source = { git = "https://github.com/MystenLabs/sui.git", rev = "2cde80b5766b0bc2073908e10f6e3c81c93fd691", subdir = "crates/sui-framework/packages/move-stdlib" }

[[move.package]]
id = "Sui"
source = { git = "https://github.com/MystenLabs/sui.git", rev = "2cde80b5766b0bc2073908e10f6e3c81c93fd691", subdir = "crates/sui-framework/packages/sui-framework" }

dependencies = [
  { id = "MoveStdlib", name = "MoveStdlib" },
]

[[move.package]]
id = "SuiSystem"
source = { git = "https://github.com/MystenLabs/sui.git", rev = "2cde80b5766b0bc2073908e10f6e3c81c93fd691", subdir = "crates/sui-framework/packages/sui-system" }

dependencies = [
  { id = "MoveStdlib", name = "MoveStdlib" },
  { id = "Sui", name = "Sui" },
]

[[move.package]]
id = "futarchy_core"
source = { local = "../futarchy_core" }

dependencies = [
  { id = "AccountExtensions", name = "AccountExtensions" },
  { id = "AccountProtocol", name = "AccountProtocol" },
  { id = "Bridge", name = "Bridge" },
  { id = "MoveStdlib", name = "MoveStdlib" },
  { id = "Sui", name = "Sui" },
  { id = "SuiSystem", name = "SuiSystem" },
  { id = "futarchy_one_shot_utils", name = "futarchy_one_shot_utils" },
  { id = "futarchy_types", name = "futarchy_types" },
]

[[move.package]]
id = "futarchy_one_shot_utils"
source = { local = "../futarchy_one_shot_utils" }

dependencies = [
  { id = "Bridge", name = "Bridge" },
  { id = "MoveStdlib", name = "MoveStdlib" },
  { id = "Sui", name = "Sui" },
  { id = "SuiSystem", name = "SuiSystem" },
]

[[move.package]]
id = "futarchy_types"
source = { local = "../futarchy_types" }

dependencies = [
  { id = "Sui", name = "Sui" },
]

[move.toolchain-version]
compiler-version = "1.56.0"
edition = "2024"
flavor = "sui"

[env]

[env.devnet]
chain-id = "bc718b80"
original-published-id = "0x7b6c4e2939cf538432320b1b91a2d8119ef1f37ec81281c04002d3d746bfba8f"
latest-published-id = "0x7b6c4e2939cf538432320b1b91a2d8119ef1f37ec81281c04002d3d746bfba8f"
published-version = "1"
