# @generated by Move, please check-in and do not edit manually.

[move]
version = 3
manifest_digest = "6D3BCB8ACC232F53BEE272C23420D3DD5D1F717A814357D7A6FA514143A174F9"
deps_digest = "3C4103934B1E040BB6B23F1D610B4EF9F2F1166A50A104EADCF77467C004C600"
dependencies = [
  { id = "Sui", name = "Sui" },
  { id = "WAL", name = "WAL" },
]

[[move.package]]
id = "MoveStdlib"
source = { git = "https://github.com/MystenLabs/sui.git", rev = "testnet-v1.43.0", subdir = "crates/sui-framework/packages/move-stdlib" }

[[move.package]]
id = "Sui"
source = { git = "https://github.com/MystenLabs/sui.git", rev = "testnet-v1.43.0", subdir = "crates/sui-framework/packages/sui-framework" }

dependencies = [
  { id = "MoveStdlib", name = "MoveStdlib" },
]

[[move.package]]
id = "WAL"
source = { local = "../walrus_wal" }

dependencies = [
  { id = "Sui", name = "Sui" },
]

[move.toolchain-version]
compiler-version = "1.57.2"
edition = "2024.beta"
flavor = "sui"

[env]

[env.devnet]
chain-id = "bc718b80"
original-published-id = "0x66d71f5ebd9975e2715c3a71b3a1dd1c5b55f82a200ee859622efd92e11ccedb"
latest-published-id = "0x66d71f5ebd9975e2715c3a71b3a1dd1c5b55f82a200ee859622efd92e11ccedb"
published-version = "1"
