# @generated by Move, please check-in and do not edit manually.

[move]
version = 3
manifest_digest = "9E90719240482523A3FE5081B11F69D34E05257369E084449AA0CB909E111ED4"
deps_digest = "59CF4C5FBF9CA9498217B3AC2BED47AD5D49696CE64F735BE1226EDCEF529664"
dependencies = [
  { id = "AccountActions", name = "AccountActions" },
  { id = "AccountExtensions", name = "AccountExtensions" },
  { id = "AccountProtocol", name = "AccountProtocol" },
  { id = "Bridge", name = "Bridge" },
  { id = "MoveStdlib", name = "MoveStdlib" },
  { id = "Sui", name = "Sui" },
  { id = "SuiSystem", name = "SuiSystem" },
  { id = "futarchy_core", name = "futarchy_core" },
  { id = "futarchy_markets", name = "futarchy_markets" },
  { id = "futarchy_multisig", name = "futarchy_multisig" },
  { id = "futarchy_one_shot_utils", name = "futarchy_one_shot_utils" },
  { id = "futarchy_specialized_actions", name = "futarchy_specialized_actions" },
  { id = "futarchy_vault", name = "futarchy_vault" },
]

[[move.package]]
id = "AccountActions"
source = { local = "../move-framework/packages/actions" }

dependencies = [
  { id = "AccountProtocol", name = "AccountProtocol" },
  { id = "Bridge", name = "Bridge" },
  { id = "Kiosk", name = "Kiosk" },
  { id = "MoveStdlib", name = "MoveStdlib" },
  { id = "Sui", name = "Sui" },
  { id = "SuiSystem", name = "SuiSystem" },
]

[[move.package]]
id = "AccountExtensions"
source = { local = "../move-framework/packages/extensions" }

dependencies = [
  { id = "Bridge", name = "Bridge" },
  { id = "MoveStdlib", name = "MoveStdlib" },
  { id = "Sui", name = "Sui" },
  { id = "SuiSystem", name = "SuiSystem" },
]

[[move.package]]
id = "AccountProtocol"
source = { local = "../move-framework/packages/protocol" }

dependencies = [
  { id = "AccountExtensions", name = "AccountExtensions" },
  { id = "Bridge", name = "Bridge" },
  { id = "MoveStdlib", name = "MoveStdlib" },
  { id = "Sui", name = "Sui" },
  { id = "SuiSystem", name = "SuiSystem" },
]

[[move.package]]
id = "Bridge"
source = { git = "https://github.com/MystenLabs/sui.git", rev = "2cde80b5766b0bc2073908e10f6e3c81c93fd691", subdir = "crates/sui-framework/packages/bridge" }

dependencies = [
  { id = "MoveStdlib", name = "MoveStdlib" },
  { id = "Sui", name = "Sui" },
  { id = "SuiSystem", name = "SuiSystem" },
]

[[move.package]]
id = "Kiosk"
source = { local = "../move-framework/deps/kiosk" }

dependencies = [
  { id = "Sui", name = "Sui" },
]

[[move.package]]
id = "MoveStdlib"
source = { git = "https://github.com/MystenLabs/sui.git", rev = "2cde80b5766b0bc2073908e10f6e3c81c93fd691", subdir = "crates/sui-framework/packages/move-stdlib" }

[[move.package]]
id = "Sui"
source = { git = "https://github.com/MystenLabs/sui.git", rev = "2cde80b5766b0bc2073908e10f6e3c81c93fd691", subdir = "crates/sui-framework/packages/sui-framework" }

dependencies = [
  { id = "MoveStdlib", name = "MoveStdlib" },
]

[[move.package]]
id = "SuiSystem"
source = { git = "https://github.com/MystenLabs/sui.git", rev = "2cde80b5766b0bc2073908e10f6e3c81c93fd691", subdir = "crates/sui-framework/packages/sui-system" }

dependencies = [
  { id = "MoveStdlib", name = "MoveStdlib" },
  { id = "Sui", name = "Sui" },
]

[[move.package]]
id = "futarchy_core"
source = { local = "../futarchy_core" }

dependencies = [
  { id = "AccountExtensions", name = "AccountExtensions" },
  { id = "AccountProtocol", name = "AccountProtocol" },
  { id = "Bridge", name = "Bridge" },
  { id = "MoveStdlib", name = "MoveStdlib" },
  { id = "Sui", name = "Sui" },
  { id = "SuiSystem", name = "SuiSystem" },
  { id = "futarchy_one_shot_utils", name = "futarchy_one_shot_utils" },
]

[[move.package]]
id = "futarchy_markets"
source = { local = "../futarchy_markets" }

dependencies = [
  { id = "Bridge", name = "Bridge" },
  { id = "MoveStdlib", name = "MoveStdlib" },
  { id = "Sui", name = "Sui" },
  { id = "SuiSystem", name = "SuiSystem" },
  { id = "futarchy_one_shot_utils", name = "futarchy_one_shot_utils" },
]

[[move.package]]
id = "futarchy_multisig"
source = { local = "../futarchy_multisig" }

dependencies = [
  { id = "AccountActions", name = "AccountActions" },
  { id = "AccountExtensions", name = "AccountExtensions" },
  { id = "AccountProtocol", name = "AccountProtocol" },
  { id = "Bridge", name = "Bridge" },
  { id = "MoveStdlib", name = "MoveStdlib" },
  { id = "Sui", name = "Sui" },
  { id = "SuiSystem", name = "SuiSystem" },
  { id = "futarchy_core", name = "futarchy_core" },
  { id = "futarchy_one_shot_utils", name = "futarchy_one_shot_utils" },
  { id = "futarchy_vault", name = "futarchy_vault" },
]

[[move.package]]
id = "futarchy_one_shot_utils"
source = { local = "../futarchy_one_shot_utils" }

dependencies = [
  { id = "Bridge", name = "Bridge" },
  { id = "MoveStdlib", name = "MoveStdlib" },
  { id = "Sui", name = "Sui" },
  { id = "SuiSystem", name = "SuiSystem" },
]

[[move.package]]
id = "futarchy_specialized_actions"
source = { local = "../futarchy_specialized_actions" }

dependencies = [
  { id = "AccountActions", name = "AccountActions" },
  { id = "AccountExtensions", name = "AccountExtensions" },
  { id = "AccountProtocol", name = "AccountProtocol" },
  { id = "Bridge", name = "Bridge" },
  { id = "MoveStdlib", name = "MoveStdlib" },
  { id = "Sui", name = "Sui" },
  { id = "SuiSystem", name = "SuiSystem" },
  { id = "futarchy_core", name = "futarchy_core" },
  { id = "futarchy_markets", name = "futarchy_markets" },
  { id = "futarchy_multisig", name = "futarchy_multisig" },
  { id = "futarchy_one_shot_utils", name = "futarchy_one_shot_utils" },
  { id = "futarchy_vault", name = "futarchy_vault" },
]

[[move.package]]
id = "futarchy_vault"
source = { local = "../futarchy_vault" }

dependencies = [
  { id = "AccountActions", name = "AccountActions" },
  { id = "AccountExtensions", name = "AccountExtensions" },
  { id = "AccountProtocol", name = "AccountProtocol" },
  { id = "Bridge", name = "Bridge" },
  { id = "MoveStdlib", name = "MoveStdlib" },
  { id = "Sui", name = "Sui" },
  { id = "SuiSystem", name = "SuiSystem" },
  { id = "futarchy_core", name = "futarchy_core" },
  { id = "futarchy_markets", name = "futarchy_markets" },
  { id = "futarchy_one_shot_utils", name = "futarchy_one_shot_utils" },
]

[move.toolchain-version]
compiler-version = "1.56.0"
edition = "2024.beta"
flavor = "sui"

[env]

[env.devnet]
chain-id = "ae43edc0"
original-published-id = "0x6dd3bd3f18f0db0f099134ddc742f0327108229576565819078b92a146b8653d"
latest-published-id = "0x6dd3bd3f18f0db0f099134ddc742f0327108229576565819078b92a146b8653d"
published-version = "1"
