# @generated by Move, please check-in and do not edit manually.

[move]
version = 3
manifest_digest = "E194DBEA7DBF8250863B7C0FCFBD32BC180EFBBA05CA0435025B22E4565624D7"
deps_digest = "CAFAD8A7CF51067FB4358215BECB86BD100DD64E57C2AC8A7AE7D74B688F5965"
dependencies = [
  { id = "AccountExtensions", name = "AccountExtensions" },
  { id = "AccountProtocol", name = "AccountProtocol" },
  { id = "Bridge", name = "Bridge" },
  { id = "MoveStdlib", name = "MoveStdlib" },
  { id = "Sui", name = "Sui" },
  { id = "SuiSystem", name = "SuiSystem" },
  { id = "futarchy_one_shot_utils", name = "futarchy_one_shot_utils" },
]

[[move.package]]
id = "AccountExtensions"
source = { local = "../move-framework/packages/extensions" }

dependencies = [
  { id = "Bridge", name = "Bridge" },
  { id = "MoveStdlib", name = "MoveStdlib" },
  { id = "Sui", name = "Sui" },
  { id = "SuiSystem", name = "SuiSystem" },
]

[[move.package]]
id = "AccountProtocol"
source = { local = "../move-framework/packages/protocol" }

dependencies = [
  { id = "AccountExtensions", name = "AccountExtensions" },
  { id = "Bridge", name = "Bridge" },
  { id = "MoveStdlib", name = "MoveStdlib" },
  { id = "Sui", name = "Sui" },
  { id = "SuiSystem", name = "SuiSystem" },
]

[[move.package]]
id = "Bridge"
source = { git = "https://github.com/MystenLabs/sui.git", rev = "2cde80b5766b0bc2073908e10f6e3c81c93fd691", subdir = "crates/sui-framework/packages/bridge" }

dependencies = [
  { id = "MoveStdlib", name = "MoveStdlib" },
  { id = "Sui", name = "Sui" },
  { id = "SuiSystem", name = "SuiSystem" },
]

[[move.package]]
id = "MoveStdlib"
source = { git = "https://github.com/MystenLabs/sui.git", rev = "2cde80b5766b0bc2073908e10f6e3c81c93fd691", subdir = "crates/sui-framework/packages/move-stdlib" }

[[move.package]]
id = "Sui"
source = { git = "https://github.com/MystenLabs/sui.git", rev = "2cde80b5766b0bc2073908e10f6e3c81c93fd691", subdir = "crates/sui-framework/packages/sui-framework" }

dependencies = [
  { id = "MoveStdlib", name = "MoveStdlib" },
]

[[move.package]]
id = "SuiSystem"
source = { git = "https://github.com/MystenLabs/sui.git", rev = "2cde80b5766b0bc2073908e10f6e3c81c93fd691", subdir = "crates/sui-framework/packages/sui-system" }

dependencies = [
  { id = "MoveStdlib", name = "MoveStdlib" },
  { id = "Sui", name = "Sui" },
]

[[move.package]]
id = "futarchy_one_shot_utils"
source = { local = "../futarchy_one_shot_utils" }

dependencies = [
  { id = "Bridge", name = "Bridge" },
  { id = "MoveStdlib", name = "MoveStdlib" },
  { id = "Sui", name = "Sui" },
  { id = "SuiSystem", name = "SuiSystem" },
]

[move.toolchain-version]
compiler-version = "1.56.0"
edition = "2024"
flavor = "sui"

[env]

[env.devnet]
chain-id = "ae43edc0"
original-published-id = "0x26384560548ee71659cc7dbccd5bce677e3652e4982bac8bb6154366ec41bad5"
latest-published-id = "0x26384560548ee71659cc7dbccd5bce677e3652e4982bac8bb6154366ec41bad5"
published-version = "1"
