# @generated by Move, please check-in and do not edit manually.

[move]
version = 3
manifest_digest = "42C9D489525073C892003ECCF2DF6A52DDA8A2F89CA3F5C24EF2CE40997ADB7F"
deps_digest = "F8BBB0CCB2491CA29A3DF03D6F92277A4F3574266507ACD77214D37ECA3F3082"
dependencies = [
  { id = "Sui", name = "Sui" },
]

[[move.package]]
id = "MoveStdlib"
source = { git = "https://github.com/MystenLabs/sui.git", rev = "2cde80b5766b0bc2073908e10f6e3c81c93fd691", subdir = "crates/sui-framework/packages/move-stdlib" }

[[move.package]]
id = "Sui"
source = { git = "https://github.com/MystenLabs/sui.git", rev = "2cde80b5766b0bc2073908e10f6e3c81c93fd691", subdir = "crates/sui-framework/packages/sui-framework" }

dependencies = [
  { id = "MoveStdlib", name = "MoveStdlib" },
]

[move.toolchain-version]
compiler-version = "1.56.0"
edition = "2024.beta"
flavor = "sui"

[env]

[env.devnet]
chain-id = "bc718b80"
original-published-id = "0x94780220cd8c32fc170416dffac06044d0eb2552c9cb5817450ca9669e1b8d2f"
latest-published-id = "0x94780220cd8c32fc170416dffac06044d0eb2552c9cb5817450ca9669e1b8d2f"
published-version = "1"
